
Microsoft Visual Studio Solution File, Format Version 12.00
# Visual Studio Version 17
VisualStudioVersion = 17.13.35931.197 d17.13
MinimumVisualStudioVersion = 10.0.40219.1
Project("{FAE04EC0-301F-11D3-BF4B-00C04F79EFBC}") = "EmployeeAPIWithJWT_123", "EmployeeAPIWithJWT_123\EmployeeAPIWithJWT_123.csproj", "{F41CFFFE-3B61-41AE-9236-AB0DC260F47C}"
EndProject
Global
	GlobalSection(SolutionConfigurationPlatforms) = preSolution
		Debug|Any CPU = Debug|Any CPU
		Release|Any CPU = Release|Any CPU
	EndGlobalSection
	GlobalSection(ProjectConfigurationPlatforms) = postSolution
		{F41CFFFE-3B61-41AE-9236-AB0DC260F47C}.Debug|Any CPU.ActiveCfg = Debug|Any CPU
		{F41CFFFE-3B61-41AE-9236-AB0DC260F47C}.Debug|Any CPU.Build.0 = Debug|Any CPU
		{F41CFFFE-3B61-41AE-9236-AB0DC260F47C}.Release|Any CPU.ActiveCfg = Release|Any CPU
		{F41CFFFE-3B61-41AE-9236-AB0DC260F47C}.Release|Any CPU.Build.0 = Release|Any CPU
	EndGlobalSection
	GlobalSection(SolutionProperties) = preSolution
		HideSolutionNode = FALSE
	EndGlobalSection
	GlobalSection(ExtensibilityGlobals) = postSolution
		SolutionGuid = {D99F5B8E-AF16-445D-918D-A97CB97D38AF}
	EndGlobalSection
EndGlobal
